lockfileVersion: 5.4

specifiers:
  '@trpc/client': ^10.45.1

dependencies:
  '@trpc/client': 10.45.1

packages:

  /@trpc/client/10.45.1:
    resolution: {integrity: sha512-nVbAk1xpIiI64WgzXGgfxPOGgHoYvffn1IsjV1D/Ri7DL4BKuo2qtZ7UQ+OuHkzH2M8j4ikSVBDpk545fOdvpw==}
    peerDependencies:
      '@trpc/server': 10.45.1
    dev: false
